
Microsoft Visual Studio Solution File, Format Version 12.00
# Visual Studio Version 17
VisualStudioVersion = 17.4.33103.184
MinimumVisualStudioVersion = 10.0.40219.1
Project("{9A19103F-16F7-4668-BE54-9A1E7A4F7556}") = "BusinesRuleProject", "BusinesRuleProject.csproj", "{17FE1A96-A273-4471-BA83-4F2B2CE1C2E3}"
EndProject
Global
	GlobalSection(SolutionConfigurationPlatforms) = preSolution
		Debug|Any CPU = Debug|Any CPU
		Release|Any CPU = Release|Any CPU
	EndGlobalSection
	GlobalSection(ProjectConfigurationPlatforms) = postSolution
		{17FE1A96-A273-4471-BA83-4F2B2CE1C2E3}.Debug|Any CPU.ActiveCfg = Debug|Any CPU
		{17FE1A96-A273-4471-BA83-4F2B2CE1C2E3}.Debug|Any CPU.Build.0 = Debug|Any CPU
		{17FE1A96-A273-4471-BA83-4F2B2CE1C2E3}.Release|Any CPU.ActiveCfg = Release|Any CPU
		{17FE1A96-A273-4471-BA83-4F2B2CE1C2E3}.Release|Any CPU.Build.0 = Release|Any CPU
	EndGlobalSection
	GlobalSection(SolutionProperties) = preSolution
		HideSolutionNode = FALSE
	EndGlobalSection
	GlobalSection(ExtensibilityGlobals) = postSolution
		SolutionGuid = {F231BA82-8484-477E-A844-4CE7EF829CB8}
	EndGlobalSection
EndGlobal
